// !$*UTF8*$!
{
	archiveVersion = 1;
	classes = {
	};
	objectVersion = 77;
	objects = {

/* Begin PBXContainerItemProxy section */
		329BEB922D86ADA700B4B494 /* PBXContainerItemProxy */ = {
			isa = PBXContainerItemProxy;
			containerPortal = 329BEB702D86ADA500B4B494 /* Project object */;
			proxyType = 1;
			remoteGlobalIDString = 329BEB772D86ADA500B4B494;
			remoteInfo = Catan;
		};
		329BEB9C2D86ADA700B4B494 /* PBXContainerItemProxy */ = {
			isa = PBXContainerItemProxy;
			containerPortal = 329BEB702D86ADA500B4B494 /* Project object */;
			proxyType = 1;
			remoteGlobalIDString = 329BEB772D86ADA500B4B494;
			remoteInfo = Catan;
		};
/* End PBXContainerItemProxy section */

/* Begin PBXFileReference section */
		329BEB782D86ADA500B4B494 /* Catan.app */ = {isa = PBXFileReference; explicitFileType = wrapper.application; includeInIndex = 0; path = Catan.app; sourceTree = BUILT_PRODUCTS_DIR; };
		329BEB912D86ADA700B4B494 /* CatanTests.xctest */ = {isa = PBXFileReference; explicitFileType = wrapper.cfbundle; includeInIndex = 0; path = CatanTests.xctest; sourceTree = BUILT_PRODUCTS_DIR; };
		329BEB9B2D86ADA700B4B494 /* CatanUITests.xctest */ = {isa = PBXFileReference; explicitFileType = wrapper.cfbundle; includeInIndex = 0; path = CatanUITests.xctest; sourceTree = BUILT_PRODUCTS_DIR; };
/* End PBXFileReference section */

/* Begin PBXFileSystemSynchronizedRootGroup section */
		329BEB7A2D86ADA500B4B494 /* Catan */ = {
			isa = PBXFileSystemSynchronizedRootGroup;
			path = Catan;
			sourceTree = "<group>";
		};
		329BEB942D86ADA700B4B494 /* CatanTests */ = {
			isa = PBXFileSystemSynchronizedRootGroup;
			path = CatanTests;
			sourceTree = "<group>";
		};
		329BEB9E2D86ADA700B4B494 /* CatanUITests */ = {
			isa = PBXFileSystemSynchronizedRootGroup;
			path = CatanUITests;
			sourceTree = "<group>";
		};
/* End PBXFileSystemSynchronizedRootGroup section */

/* Begin PBXFrameworksBuildPhase section */
		329BEB752D86ADA500B4B494 /* Frameworks */ = {
			isa = PBXFrameworksBuildPhase;
			buildActionMask = 2147483647;
			files = (
			);
			runOnlyForDeploymentPostprocessing = 0;
		};
		329BEB8E2D86ADA700B4B494 /* Frameworks */ = {
			isa = PBXFrameworksBuildPhase;
			buildActionMask = 2147483647;
			files = (
			);
			runOnlyForDeploymentPostprocessing = 0;
		};
		329BEB982D86ADA700B4B494 /* Frameworks */ = {
			isa = PBXFrameworksBuildPhase;
			buildActionMask = 2147483647;
			files = (
			);
			runOnlyForDeploymentPostprocessing = 0;
		};
/* End PBXFrameworksBuildPhase section */

/* Begin PBXGroup section */
		329BEB6F2D86ADA500B4B494 = {
			isa = PBXGroup;
			children = (
				329BEB7A2D86ADA500B4B494 /* Catan */,
				329BEB942D86ADA700B4B494 /* CatanTests */,
				329BEB9E2D86ADA700B4B494 /* CatanUITests */,
				329BEB792D86ADA500B4B494 /* Products */,
			);
			sourceTree = "<group>";
		};
		329BEB792D86ADA500B4B494 /* Products */ = {
			isa = PBXGroup;
			children = (
				329BEB782D86ADA500B4B494 /* Catan.app */,
				329BEB912D86ADA700B4B494 /* CatanTests.xctest */,
				329BEB9B2D86ADA700B4B494 /* CatanUITests.xctest */,
			);
			name = Products;
			sourceTree = "<group>";
		};
/* End PBXGroup section */

/* Begin PBXNativeTarget section */
		329BEB772D86ADA500B4B494 /* Catan */ = {
			isa = PBXNativeTarget;
			buildConfigurationList = 329BEBA52D86ADA700B4B494 /* Build configuration list for PBXNativeTarget "Catan" */;
			buildPhases = (
				329BEB742D86ADA500B4B494 /* Sources */,
				329BEB752D86ADA500B4B494 /* Frameworks */,
				329BEB762D86ADA500B4B494 /* Resources */,
			);
			buildRules = (
			);
			dependencies = (
			);
			fileSystemSynchronizedGroups = (
				329BEB7A2D86ADA500B4B494 /* Catan */,
			);
			name = Catan;
			packageProductDependencies = (
			);
			productName = Catan;
			productReference = 329BEB782D86ADA500B4B494 /* Catan.app */;
			productType = "com.apple.product-type.application";
		};
		329BEB902D86ADA700B4B494 /* CatanTests */ = {
			isa = PBXNativeTarget;
			buildConfigurationList = 329BEBA82D86ADA700B4B494 /* Build configuration list for PBXNativeTarget "CatanTests" */;
			buildPhases = (
				329BEB8D2D86ADA700B4B494 /* Sources */,
				329BEB8E2D86ADA700B4B494 /* Frameworks */,
				329BEB8F2D86ADA700B4B494 /* Resources */,
			);
			buildRules = (
			);
			dependencies = (
				329BEB932D86ADA700B4B494 /* PBXTargetDependency */,
			);
			fileSystemSynchronizedGroups = (
				329BEB942D86ADA700B4B494 /* CatanTests */,
			);
			name = CatanTests;
			packageProductDependencies = (
			);
			productName = CatanTests;
			productReference = 329BEB912D86ADA700B4B494 /* CatanTests.xctest */;
			productType = "com.apple.product-type.bundle.unit-test";
		};
		329BEB9A2D86ADA700B4B494 /* CatanUITests */ = {
			isa = PBXNativeTarget;
			buildConfigurationList = 329BEBAB2D86ADA700B4B494 /* Build configuration list for PBXNativeTarget "CatanUITests" */;
			buildPhases = (
				329BEB972D86ADA700B4B494 /* Sources */,
				329BEB982D86ADA700B4B494 /* Frameworks */,
				329BEB992D86ADA700B4B494 /* Resources */,
			);
			buildRules = (
			);
			dependencies = (
				329BEB9D2D86ADA700B4B494 /* PBXTargetDependency */,
			);
			fileSystemSynchronizedGroups = (
				329BEB9E2D86ADA700B4B494 /* CatanUITests */,
			);
			name = CatanUITests;
			packageProductDependencies = (
			);
			productName = CatanUITests;
			productReference = 329BEB9B2D86ADA700B4B494 /* CatanUITests.xctest */;
			productType = "com.apple.product-type.bundle.ui-testing";
		};
/* End PBXNativeTarget section */

/* Begin PBXProject section */
		329BEB702D86ADA500B4B494 /* Project object */ = {
			isa = PBXProject;
			attributes = {
				BuildIndependentTargetsInParallel = 1;
				LastSwiftUpdateCheck = 1620;
				LastUpgradeCheck = 1620;
				TargetAttributes = {
					329BEB772D86ADA500B4B494 = {
						CreatedOnToolsVersion = 16.2;
					};
					329BEB902D86ADA700B4B494 = {
						CreatedOnToolsVersion = 16.2;
						TestTargetID = 329BEB772D86ADA500B4B494;
					};
					329BEB9A2D86ADA700B4B494 = {
						CreatedOnToolsVersion = 16.2;
						TestTargetID = 329BEB772D86ADA500B4B494;
					};
				};
			};
			buildConfigurationList = 329BEB732D86ADA500B4B494 /* Build configuration list for PBXProject "Catan" */;
			developmentRegion = en;
			hasScannedForEncodings = 0;
			knownRegions = (
				en,
				Base,
			);
			mainGroup = 329BEB6F2D86ADA500B4B494;
			minimizedProjectReferenceProxies = 1;
			preferredProjectObjectVersion = 77;
			productRefGroup = 329BEB792D86ADA500B4B494 /* Products */;
			projectDirPath = "";
			projectRoot = "";
			targets = (
				329BEB772D86ADA500B4B494 /* Catan */,
				329BEB902D86ADA700B4B494 /* CatanTests */,
				329BEB9A2D86ADA700B4B494 /* CatanUITests */,
			);
		};
/* End PBXProject section */

/* Begin PBXResourcesBuildPhase section */
		329BEB762D86ADA500B4B494 /* Resources */ = {
			isa = PBXResourcesBuildPhase;
			buildActionMask = 2147483647;
			files = (
			);
			runOnlyForDeploymentPostprocessing = 0;
		};
		329BEB8F2D86ADA700B4B494 /* Resources */ = {
			isa = PBXResourcesBuildPhase;
			buildActionMask = 2147483647;
			files = (
			);
			runOnlyForDeploymentPostprocessing = 0;
		};
		329BEB992D86ADA700B4B494 /* Resources */ = {
			isa = PBXResourcesBuildPhase;
			buildActionMask = 2147483647;
			files = (
			);
			runOnlyForDeploymentPostprocessing = 0;
		};
/* End PBXResourcesBuildPhase section */

/* Begin PBXSourcesBuildPhase section */
		329BEB742D86ADA500B4B494 /* Sources */ = {
			isa = PBXSourcesBuildPhase;
			buildActionMask = 2147483647;
			files = (
			);
			runOnlyForDeploymentPostprocessing = 0;
		};
		329BEB8D2D86ADA700B4B494 /* Sources */ = {
			isa = PBXSourcesBuildPhase;
			buildActionMask = 2147483647;
			files = (
			);
			runOnlyForDeploymentPostprocessing = 0;
		};
		329BEB972D86ADA700B4B494 /* Sources */ = {
			isa = PBXSourcesBuildPhase;
			buildActionMask = 2147483647;
			files = (
			);
			runOnlyForDeploymentPostprocessing = 0;
		};
/* End PBXSourcesBuildPhase section */

/* Begin PBXTargetDependency section */
		329BEB932D86ADA700B4B494 /* PBXTargetDependency */ = {
			isa = PBXTargetDependency;
			target = 329BEB772D86ADA500B4B494 /* Catan */;
			targetProxy = 329BEB922D86ADA700B4B494 /* PBXContainerItemProxy */;
		};
		329BEB9D2D86ADA700B4B494 /* PBXTargetDependency */ = {
			isa = PBXTargetDependency;
			target = 329BEB772D86ADA500B4B494 /* Catan */;
			targetProxy = 329BEB9C2D86ADA700B4B494 /* PBXContainerItemProxy */;
		};
/* End PBXTargetDependency section */

/* Begin XCBuildConfiguration section */
		329BEBA32D86ADA700B4B494 /* Debug */ = {
			isa = XCBuildConfiguration;
			buildSettings = {
				ALWAYS_SEARCH_USER_PATHS = NO;
				ASSETCATALOG_COMPILER_GENERATE_SWIFT_ASSET_SYMBOL_EXTENSIONS = YES;
				CLANG_ANALYZER_NONNULL = YES;
				CLANG_ANALYZER_NUMBER_OBJECT_CONVERSION = YES_AGGRESSIVE;
				CLANG_CXX_LANGUAGE_STANDARD = "gnu++20";
				CLANG_ENABLE_MODULES = YES;
				CLANG_ENABLE_OBJC_ARC = YES;
				CLANG_ENABLE_OBJC_WEAK = YES;
				CLANG_WARN_BLOCK_CAPTURE_AUTORELEASING = YES;
				CLANG_WARN_BOOL_CONVERSION = YES;
				CLANG_WARN_COMMA = YES;
				CLANG_WARN_CONSTANT_CONVERSION = YES;
				CLANG_WARN_DEPRECATED_OBJC_IMPLEMENTATIONS = YES;
				CLANG_WARN_DIRECT_OBJC_ISA_USAGE = YES_ERROR;
				CLANG_WARN_DOCUMENTATION_COMMENTS = YES;
				CLANG_WARN_EMPTY_BODY = YES;
				CLANG_WARN_ENUM_CONVERSION = YES;
				CLANG_WARN_INFINITE_RECURSION = YES;
				CLANG_WARN_INT_CONVERSION = YES;
				CLANG_WARN_NON_LITERAL_NULL_CONVERSION = YES;
				CLANG_WARN_OBJC_IMPLICIT_RETAIN_SELF = YES;
				CLANG_WARN_OBJC_LITERAL_CONVERSION = YES;
				CLANG_WARN_OBJC_ROOT_CLASS = YES_ERROR;
				CLANG_WARN_QUOTED_INCLUDE_IN_FRAMEWORK_HEADER = YES;
				CLANG_WARN_RANGE_LOOP_ANALYSIS = YES;
				CLANG_WARN_STRICT_PROTOTYPES = YES;
				CLANG_WARN_SUSPICIOUS_MOVE = YES;
				CLANG_WARN_UNGUARDED_AVAILABILITY = YES_AGGRESSIVE;
				CLANG_WARN_UNREACHABLE_CODE = YES;
				CLANG_WARN__DUPLICATE_METHOD_MATCH = YES;
				COPY_PHASE_STRIP = NO;
				DEBUG_INFORMATION_FORMAT = dwarf;
				DONT_GENERATE_INFOPLIST_FILE = NO;
				ENABLE_STRICT_OBJC_MSGSEND = YES;
				ENABLE_TESTABILITY = YES;
				ENABLE_USER_SCRIPT_SANDBOXING = YES;
				GCC_C_LANGUAGE_STANDARD = gnu17;
				GCC_DYNAMIC_NO_PIC = NO;
				GCC_NO_COMMON_BLOCKS = YES;
				GCC_OPTIMIZATION_LEVEL = 0;
				GCC_PREPROCESSOR_DEFINITIONS = (
					"DEBUG=1",
					"$(inherited)",
				);
				GCC_WARN_64_TO_32_BIT_CONVERSION = YES;
				GCC_WARN_ABOUT_RETURN_TYPE = YES_ERROR;
				GCC_WARN_UNDECLARED_SELECTOR = YES;
				GCC_WARN_UNINITIALIZED_AUTOS = YES_AGGRESSIVE;
				GCC_WARN_UNUSED_FUNCTION = YES;
				GCC_WARN_UNUSED_VARIABLE = YES;
				IPHONEOS_DEPLOYMENT_TARGET = 18.2;
				LOCALIZATION_PREFERS_STRING_CATALOGS = YES;
				MTL_ENABLE_DEBUG_INFO = INCLUDE_SOURCE;
				MTL_FAST_MATH = YES;
				ONLY_ACTIVE_ARCH = YES;
				SDKROOT = iphoneos;
				SWIFT_ACTIVE_COMPILATION_CONDITIONS = "DEBUG $(inherited)";
				SWIFT_OPTIMIZATION_LEVEL = "-Onone";
			};
			name = Debug;
		};
		329BEBA42D86ADA700B4B494 /* Release */ = {
			isa = XCBuildConfiguration;
			buildSettings = {
				ALWAYS_SEARCH_USER_PATHS = NO;
				ASSETCATALOG_COMPILER_GENERATE_SWIFT_ASSET_SYMBOL_EXTENSIONS = YES;
				CLANG_ANALYZER_NONNULL = YES;
				CLANG_ANALYZER_NUMBER_OBJECT_CONVERSION = YES_AGGRESSIVE;
				CLANG_CXX_LANGUAGE_STANDARD = "gnu++20";
				CLANG_ENABLE_MODULES = YES;
				CLANG_ENABLE_OBJC_ARC = YES;
				CLANG_ENABLE_OBJC_WEAK = YES;
				CLANG_WARN_BLOCK_CAPTURE_AUTORELEASING = YES;
				CLANG_WARN_BOOL_CONVERSION = YES;
				CLANG_WARN_COMMA = YES;
				CLANG_WARN_CONSTANT_CONVERSION = YES;
				CLANG_WARN_DEPRECATED_OBJC_IMPLEMENTATIONS = YES;
				CLANG_WARN_DIRECT_OBJC_ISA_USAGE = YES_ERROR;
				CLANG_WARN_DOCUMENTATION_COMMENTS = YES;
				CLANG_WARN_EMPTY_BODY = YES;
				CLANG_WARN_ENUM_CONVERSION = YES;
				CLANG_WARN_INFINITE_RECURSION = YES;
				CLANG_WARN_INT_CONVERSION = YES;
				CLANG_WARN_NON_LITERAL_NULL_CONVERSION = YES;
				CLANG_WARN_OBJC_IMPLICIT_RETAIN_SELF = YES;
				CLANG_WARN_OBJC_LITERAL_CONVERSION = YES;
				CLANG_WARN_OBJC_ROOT_CLASS = YES_ERROR;
				CLANG_WARN_QUOTED_INCLUDE_IN_FRAMEWORK_HEADER = YES;
				CLANG_WARN_RANGE_LOOP_ANALYSIS = YES;
				CLANG_WARN_STRICT_PROTOTYPES = YES;
				CLANG_WARN_SUSPICIOUS_MOVE = YES;
				CLANG_WARN_UNGUARDED_AVAILABILITY = YES_AGGRESSIVE;
				CLANG_WARN_UNREACHABLE_CODE = YES;
				CLANG_WARN__DUPLICATE_METHOD_MATCH = YES;
				COPY_PHASE_STRIP = NO;
				DEBUG_INFORMATION_FORMAT = "dwarf-with-dsym";
				DONT_GENERATE_INFOPLIST_FILE = NO;
				ENABLE_NS_ASSERTIONS = NO;
				ENABLE_STRICT_OBJC_MSGSEND = YES;
				ENABLE_USER_SCRIPT_SANDBOXING = YES;
				GCC_C_LANGUAGE_STANDARD = gnu17;
				GCC_NO_COMMON_BLOCKS = YES;
				GCC_WARN_64_TO_32_BIT_CONVERSION = YES;
				GCC_WARN_ABOUT_RETURN_TYPE = YES_ERROR;
				GCC_WARN_UNDECLARED_SELECTOR = YES;
				GCC_WARN_UNINITIALIZED_AUTOS = YES_AGGRESSIVE;
				GCC_WARN_UNUSED_FUNCTION = YES;
				GCC_WARN_UNUSED_VARIABLE = YES;
				IPHONEOS_DEPLOYMENT_TARGET = 18.2;
				LOCALIZATION_PREFERS_STRING_CATALOGS = YES;
				MTL_ENABLE_DEBUG_INFO = NO;
				MTL_FAST_MATH = YES;
				SDKROOT = iphoneos;
				SWIFT_COMPILATION_MODE = wholemodule;
				VALIDATE_PRODUCT = YES;
			};
			name = Release;
		};
		329BEBA62D86ADA700B4B494 /* Debug */ = {
			isa = XCBuildConfiguration;
			buildSettings = {
				ASSETCATALOG_COMPILER_APPICON_NAME = AppIcon;
				ASSETCATALOG_COMPILER_GLOBAL_ACCENT_COLOR_NAME = AccentColor;
				ASSETCATALOG_COMPILER_INCLUDE_ALL_APPICON_ASSETS = NO;
				CODE_SIGN_STYLE = Automatic;
				CURRENT_PROJECT_VERSION = 1;
				DEVELOPMENT_TEAM = P7FT8FVXG4;
				DONT_GENERATE_INFOPLIST_FILE = NO;
				GENERATE_INFOPLIST_FILE = YES;
				INFOPLIST_FILE = "";
				INFOPLIST_KEY_UIApplicationSupportsIndirectInputEvents = YES;
				INFOPLIST_KEY_UILaunchStoryboardName = "";
				INFOPLIST_KEY_UIMainStoryboardFile = Main;
				INFOPLIST_KEY_UIStatusBarHidden = YES;
				INFOPLIST_KEY_UISupportedInterfaceOrientations = UIInterfaceOrientationPortrait;
				INFOPLIST_KEY_UISupportedInterfaceOrientations_iPad = "UIInterfaceOrientationLandscapeLeft UIInterfaceOrientationLandscapeRight UIInterfaceOrientationPortrait UIInterfaceOrientationPortraitUpsideDown";
				IPHONEOS_DEPLOYMENT_TARGET = 18.0;
				LD_RUNPATH_SEARCH_PATHS = (
					"$(inherited)",
					"@executable_path/Frameworks",
				);
				MARKETING_VERSION = 0.01;
				PRODUCT_BUNDLE_IDENTIFIER = Obey.Catan;
				PRODUCT_NAME = "$(TARGET_NAME)";
				SWIFT_EMIT_LOC_STRINGS = YES;
				SWIFT_VERSION = 5.0;
				TARGETED_DEVICE_FAMILY = "1,2";
			};
			name = Debug;
		};
		329BEBA72D86ADA700B4B494 /* Release */ = {
			isa = XCBuildConfiguration;
			buildSettings = {
				ASSETCATALOG_COMPILER_APPICON_NAME = AppIcon;
				ASSETCATALOG_COMPILER_GLOBAL_ACCENT_COLOR_NAME = AccentColor;
				ASSETCATALOG_COMPILER_INCLUDE_ALL_APPICON_ASSETS = NO;
				CODE_SIGN_STYLE = Automatic;
				CURRENT_PROJECT_VERSION = 1;
				DEVELOPMENT_TEAM = P7FT8FVXG4;
				DONT_GENERATE_INFOPLIST_FILE = NO;
				GENERATE_INFOPLIST_FILE = YES;
				INFOPLIST_FILE = "";
				INFOPLIST_KEY_UIApplicationSupportsIndirectInputEvents = YES;
				INFOPLIST_KEY_UILaunchStoryboardName = "";
				INFOPLIST_KEY_UIMainStoryboardFile = Main;
				INFOPLIST_KEY_UIStatusBarHidden = YES;
				INFOPLIST_KEY_UISupportedInterfaceOrientations = UIInterfaceOrientationPortrait;
				INFOPLIST_KEY_UISupportedInterfaceOrientations_iPad = "UIInterfaceOrientationLandscapeLeft UIInterfaceOrientationLandscapeRight UIInterfaceOrientationPortrait UIInterfaceOrientationPortraitUpsideDown";
				IPHONEOS_DEPLOYMENT_TARGET = 18.0;
				LD_RUNPATH_SEARCH_PATHS = (
					"$(inherited)",
					"@executable_path/Frameworks",
				);
				MARKETING_VERSION = 0.01;
				PRODUCT_BUNDLE_IDENTIFIER = Obey.Catan;
				PRODUCT_NAME = "$(TARGET_NAME)";
				SWIFT_EMIT_LOC_STRINGS = YES;
				SWIFT_VERSION = 5.0;
				TARGETED_DEVICE_FAMILY = "1,2";
			};
			name = Release;
		};
		329BEBA92D86ADA700B4B494 /* Debug */ = {
			isa = XCBuildConfiguration;
			buildSettings = {
				BUNDLE_LOADER = "$(TEST_HOST)";
				CODE_SIGN_STYLE = Automatic;
				CURRENT_PROJECT_VERSION = 1;
				GENERATE_INFOPLIST_FILE = YES;
				IPHONEOS_DEPLOYMENT_TARGET = 18.2;
				MARKETING_VERSION = 1.0;
				PRODUCT_BUNDLE_IDENTIFIER = Obey.CatanTests;
				PRODUCT_NAME = "$(TARGET_NAME)";
				SWIFT_EMIT_LOC_STRINGS = NO;
				SWIFT_VERSION = 5.0;
				TARGETED_DEVICE_FAMILY = "1,2";
				TEST_HOST = "$(BUILT_PRODUCTS_DIR)/Catan.app/$(BUNDLE_EXECUTABLE_FOLDER_PATH)/Catan";
			};
			name = Debug;
		};
		329BEBAA2D86ADA700B4B494 /* Release */ = {
			isa = XCBuildConfiguration;
			buildSettings = {
				BUNDLE_LOADER = "$(TEST_HOST)";
				CODE_SIGN_STYLE = Automatic;
				CURRENT_PROJECT_VERSION = 1;
				GENERATE_INFOPLIST_FILE = YES;
				IPHONEOS_DEPLOYMENT_TARGET = 18.2;
				MARKETING_VERSION = 1.0;
				PRODUCT_BUNDLE_IDENTIFIER = Obey.CatanTests;
				PRODUCT_NAME = "$(TARGET_NAME)";
				SWIFT_EMIT_LOC_STRINGS = NO;
				SWIFT_VERSION = 5.0;
				TARGETED_DEVICE_FAMILY = "1,2";
				TEST_HOST = "$(BUILT_PRODUCTS_DIR)/Catan.app/$(BUNDLE_EXECUTABLE_FOLDER_PATH)/Catan";
			};
			name = Release;
		};
		329BEBAC2D86ADA700B4B494 /* Debug */ = {
			isa = XCBuildConfiguration;
			buildSettings = {
				CODE_SIGN_STYLE = Automatic;
				CURRENT_PROJECT_VERSION = 1;
				GENERATE_INFOPLIST_FILE = YES;
				MARKETING_VERSION = 1.0;
				PRODUCT_BUNDLE_IDENTIFIER = Obey.CatanUITests;
				PRODUCT_NAME = "$(TARGET_NAME)";
				SWIFT_EMIT_LOC_STRINGS = NO;
				SWIFT_VERSION = 5.0;
				TARGETED_DEVICE_FAMILY = "1,2";
				TEST_TARGET_NAME = Catan;
			};
			name = Debug;
		};
		329BEBAD2D86ADA700B4B494 /* Release */ = {
			isa = XCBuildConfiguration;
			buildSettings = {
				CODE_SIGN_STYLE = Automatic;
				CURRENT_PROJECT_VERSION = 1;
				GENERATE_INFOPLIST_FILE = YES;
				MARKETING_VERSION = 1.0;
				PRODUCT_BUNDLE_IDENTIFIER = Obey.CatanUITests;
				PRODUCT_NAME = "$(TARGET_NAME)";
				SWIFT_EMIT_LOC_STRINGS = NO;
				SWIFT_VERSION = 5.0;
				TARGETED_DEVICE_FAMILY = "1,2";
				TEST_TARGET_NAME = Catan;
			};
			name = Release;
		};
/* End XCBuildConfiguration section */

/* Begin XCConfigurationList section */
		329BEB732D86ADA500B4B494 /* Build configuration list for PBXProject "Catan" */ = {
			isa = XCConfigurationList;
			buildConfigurations = (
				329BEBA32D86ADA700B4B494 /* Debug */,
				329BEBA42D86ADA700B4B494 /* Release */,
			);
			defaultConfigurationIsVisible = 0;
			defaultConfigurationName = Release;
		};
		329BEBA52D86ADA700B4B494 /* Build configuration list for PBXNativeTarget "Catan" */ = {
			isa = XCConfigurationList;
			buildConfigurations = (
				329BEBA62D86ADA700B4B494 /* Debug */,
				329BEBA72D86ADA700B4B494 /* Release */,
			);
			defaultConfigurationIsVisible = 0;
			defaultConfigurationName = Release;
		};
		329BEBA82D86ADA700B4B494 /* Build configuration list for PBXNativeTarget "CatanTests" */ = {
			isa = XCConfigurationList;
			buildConfigurations = (
				329BEBA92D86ADA700B4B494 /* Debug */,
				329BEBAA2D86ADA700B4B494 /* Release */,
			);
			defaultConfigurationIsVisible = 0;
			defaultConfigurationName = Release;
		};
		329BEBAB2D86ADA700B4B494 /* Build configuration list for PBXNativeTarget "CatanUITests" */ = {
			isa = XCConfigurationList;
			buildConfigurations = (
				329BEBAC2D86ADA700B4B494 /* Debug */,
				329BEBAD2D86ADA700B4B494 /* Release */,
			);
			defaultConfigurationIsVisible = 0;
			defaultConfigurationName = Release;
		};
/* End XCConfigurationList section */
	};
	rootObject = 329BEB702D86ADA500B4B494 /* Project object */;
}
